github.com/aws/aws-lambda-go v1.54.0 h1:EGYpdyRGF88xszqlGcBewz811mJeRS+maNlLZXFheII=
github.com/aws/aws-lambda-go v1.54.0/go.mod h1:dpMpZgvWx5vuQJfBt0zqBha60q7Dd7RfgJv23DymV8A=
github.com/aws/aws-sdk-go-v2 v1.41.7 h1:DWpAJt66FmnnaRIOT/8ASTucrvuDPZASqhhLey6tLY8=
github.com/aws/aws-sdk-go-v2 v1.41.7/go.mod h1:4LAfZOPHNVNQEckOACQx60Y8pSRjIkNZQz1w92xpMJc=
github.com/aws/aws-sdk-go-v2/aws/protocol/eventstream v1.7.10 h1:gx1AwW1Iyk9Z9dD9F4akX5gnN3QZwUB20GGKH/I+Rho=
github.com/aws/aws-sdk-go-v2/aws/protocol/eventstream v1.7.10/go.mod h1:qqY157uZoqm5OXq/amuaBJyC9hgBCBQnsaWnPe905GY=
github.com/aws/aws-sdk-go-v2/config v1.32.17 h1:FpL4/758/diKwqbytU0prpuiu60fgXKUWCpDJtApclU=
github.com/aws/aws-sdk-go-v2/config v1.32.17/go.mod h1:OXqUMzgXytfoF9JaKkhrOYsyh72t9G+MJH8mMRaexOE=
github.com/aws/aws-sdk-go-v2/credentials v1.19.16 h1:r3RJBuU7X9ibt8RHbMjWE6y60QbKBiII6wSrXnapxSU=
github.com/aws/aws-sdk-go-v2/credentials v1.19.16/go.mod h1:6cx7zqDENJDbBIIWX6P8s0h6hqHC8Avbjh9Dseo27ug=
github.com/aws/aws-sdk-go-v2/feature/ec2/imds v1.18.23 h1:UuSfcORqNSz/ey3VPRS8TcVH2Ikf0/sC+Hdj400QI6U=
github.com/aws/aws-sdk-go-v2/feature/ec2/imds v1.18.23/go.mod h1:+G/OSGiOFnSOkYloKj/9M35s74LgVAdJBSD5lsFfqKg=
github.com/aws/aws-sdk-go-v2/internal/configsources v1.4.23 h1:GpT/TrnBYuE5gan2cZbTtvP+JlHsutdmlV2YfEyNde0=
github.com/aws/aws-sdk-go-v2/internal/configsources v1.4.23/go.mod h1:xYWD6BS9ywC5bS3sz9Xh04whO/hzK2plt2Zkyrp4JuA=
github.com/aws/aws-sdk-go-v2/internal/endpoints/v2 v2.7.23 h1:bpd8vxhlQi2r1hiueOw02f/duEPTMK59Q4QMAoTTtTo=
github.com/aws/aws-sdk-go-v2/internal/endpoints/v2 v2.7.23/go.mod h1:15DfR2nw+CRHIk0tqNyifu3G1YdAOy68RftkhMDDwYk=
github.com/aws/aws-sdk-go-v2/internal/v4a v1.4.24 h1:OQqn11BtaYv1WLUowvcA30MpzIu8Ti4pcLPIIyoKZrA=
github.com/aws/aws-sdk-go-v2/internal/v4a v1.4.24/go.mod h1:X5ZJyfwVrWA96GzPmUCWFQaEARPR7gCrpq2E92PJwAE=
github.com/aws/aws-sdk-go-v2/service/cognitoidentityprovider v1.60.2 h1:pZxE29WAHgnk0jGj1P4UOOJnNPHXfltkfnK4F1Tg8jU=
github.com/aws/aws-sdk-go-v2/service/cognitoidentityprovider v1.60.2/go.mod h1:nbe4Nf/HOY+e54Dl+yjv04scYTGTC+4ZthbfOuPTXQs=
github.com/aws/aws-sdk-go-v2/service/internal/accept-encoding v1.13.9 h1:FLudkZLt5ci0ozzgkVo8BJGwvqNaZbTWb3UcucAateA=
github.com/aws/aws-sdk-go-v2/service/internal/accept-encoding v1.13.9/go.mod h1:w7wZ/s9qK7c8g4al+UyoF1Sp/Z45UwMGcqIzLWVQHWk=
github.com/aws/aws-sdk-go-v2/service/internal/checksum v1.9.15 h1:ieLCO1JxUWuxTZ1cRd0GAaeX7O6cIxnwk7tc1LsQhC4=
github.com/aws/aws-sdk-go-v2/service/internal/checksum v1.9.15/go.mod h1:e3IzZvQ3kAWNykvE0Tr0RDZCMFInMvhku3qNpcIQXhM=
github.com/aws/aws-sdk-go-v2/service/internal/presigned-url v1.13.23 h1:pbrxO/kuIwgEsOPLkaHu0O+m4fNgLU8B3vxQ+72jTPw=
github.com/aws/aws-sdk-go-v2/service/internal/presigned-url v1.13.23/go.mod h1:/CMNUqoj46HpS3MNRDEDIwcgEnrtZlKRaHNaHxIFpNA=
github.com/aws/aws-sdk-go-v2/service/internal/s3shared v1.19.23 h1:03xatSQO4+AM1lTAbnRg5OK528EUg744nW7F73U8DKw=
github.com/aws/aws-sdk-go-v2/service/internal/s3shared v1.19.23/go.mod h1:M8l3mwgx5ToK7wot2sBBce/ojzgnPzZXUV445gTSyE8=
github.com/aws/aws-sdk-go-v2/service/s3 v1.100.1 h1:mxuT1xE+dI54NW3RkNjP8DUT5HXqbkiAFvfdyDFwE5c=
github.com/aws/aws-sdk-go-v2/service/s3 v1.100.1/go.mod h1:L2dcoOgS2VSgbPLvpak2NyUPsO1TBN7M45Z4H7DlRc4=
github.com/aws/aws-sdk-go-v2/service/signin v1.0.11 h1:TdJ+HdzOBhU8+iVAOGUTU63VXopcumCOF1paFulHWZc=
github.com/aws/aws-sdk-go-v2/service/signin v1.0.11/go.mod h1:R82ZRExE/nheo0N+T8zHPcLRTcH8MGsnR3BiVGX0TwI=
github.com/aws/aws-sdk-go-v2/service/sso v1.30.17 h1:7byT8HUWrgoRp6sXjxtZwgOKfhss5fW6SkLBtqzgRoE=
github.com/aws/aws-sdk-go-v2/service/sso v1.30.17/go.mod h1:xNWknVi4Ezm1vg1QsB/5EWpAJURq22uqd38U8qKvOJc=
github.com/aws/aws-sdk-go-v2/service/ssooidc v1.35.21 h1:+1Kl1zx6bWi4X7cKi3VYh29h8BvsCoHQEQ6ST9X8w7w=
github.com/aws/aws-sdk-go-v2/service/ssooidc v1.35.21/go.mod h1:4vIRDq+CJB2xFAXZ+YgGUTiEft7oAQlhIs71xcSeuVg=
github.com/aws/aws-sdk-go-v2/service/sts v1.42.1 h1:F/M5Y9I3nwr2IEpshZgh1GeHpOItExNM9L1euNuh/fk=
github.com/aws/aws-sdk-go-v2/service/sts v1.42.1/go.mod h1:mTNxImtovCOEEuD65mKW7DCsL+2gjEH+RPEAexAzAio=
github.com/aws/smithy-go v1.25.1 h1:J8ERsGSU7d+aCmdQur5Txg6bVoYelvQJgtZehD12GkI=
github.com/aws/smithy-go v1.25.1/go.mod h1:YE2RhdIuDbA5E5bTdciG9KrW3+TiEONeUWCqxX9i1Fc=
github.com/davecgh/go-spew v1.1.1 h1:vj9j/u1bqnvCEfJOwUhtlOARqs3+rkHYY13jYWTU97c=
github.com/davecgh/go-spew v1.1.1/go.mod h1:J7Y8YcW2NihsgmVo/mv3lAwl/skON4iLHjSsI+c5H38=
github.com/disintegration/imaging v1.6.2 h1:w1LecBlG2Lnp8B3jk5zSuNqd7b4DXhcjwek1ei82L+c=
github.com/disintegration/imaging v1.6.2/go.mod h1:44/5580QXChDfwIclfc/PCwrr44amcmDAg8hxG0Ewe4=
github.com/google/go-cmp v0.6.0 h1:ofyhxvXcZhMsU5ulbFiLKl/XBFqE1GSq7atu8tAmTRI=
github.com/google/go-cmp v0.6.0/go.mod h1:17dUlkBOakJ0+DkrSSNjCkIjxS6bF9zb3elmeNGIjoY=
github.com/klauspost/compress v1.17.6 h1:60eq2E/jlfwQXtvZEeBUYADs+BwKBWURIY+Gj2eRGjI=
github.com/klauspost/compress v1.17.6/go.mod h1:/dCuZOvVtNoHsyb+cuJD3itjs3NbnF6KH9zAO4BDxPM=
github.com/pmezard/go-difflib v1.0.0 h1:4DBwDE0NGyQoBHbLQYPwSUPoCMWR5BEzIk/f1lZbAQM=
github.com/pmezard/go-difflib v1.0.0/go.mod h1:iKH77koFhYxTK1pcRnkKkqfTogsbg7gZNVY4sRDYZ/4=
github.com/stretchr/testify v1.9.0 h1:HtqpIVDClZ4nwg75+f6Lvsy/wHu+3BoSGCbBAcpTsTg=
github.com/xdg-go/pbkdf2 v1.0.0 h1:Su7DPu48wXMwC3bs7MCNG+z4FhcyEuz5dlvchbq0B0c=
github.com/xdg-go/pbkdf2 v1.0.0/go.mod h1:jrpuAogTd400dnrH08LKmI/xc1MbPOebTwRqcT5RDeI=
github.com/xdg-go/scram v1.2.0 h1:bYKF2AEwG5rqd1BumT4gAnvwU/M9nBp2pTSxeZw7Wvs=
github.com/xdg-go/scram v1.2.0/go.mod h1:3dlrS0iBaWKYVt2ZfA4cj48umJZ+cAEbR6/SjLA88I8=
github.com/xdg-go/stringprep v1.0.4 h1:XLI/Ng3O1Atzq0oBs3TWm+5ZVgkq2aqdlvP9JtoZ6c8=
github.com/xdg-go/stringprep v1.0.4/go.mod h1:mPGuuIYwz7CmR2bT9j4GbQqutWS1zV24gijq1dTyGkM=
github.com/youmark/pkcs8 v0.0.0-20240726163527-a2c0da244d78 h1:ilQV1hzziu+LLM3zUTJ0trRztfwgjqKnBWNtSRkbmwM=
github.com/youmark/pkcs8 v0.0.0-20240726163527-a2c0da244d78/go.mod h1:aL8wCCfTfSfmXjznFBSZNN13rSJjlIOI1fUNAtF7rmI=
github.com/yuin/goldmark v1.4.13/go.mod h1:6yULJ656Px+3vBD8DxQVa3kxgyrAnzto9xy5taEt/CY=
go.mongodb.org/mongo-driver/v2 v2.6.0 h1:b9sJOYrkmt4l8bY43ZenFBcPlhYIjaOfYHLtbB/5qi8=
go.mongodb.org/mongo-driver/v2 v2.6.0/go.mod h1:yOI9kBsufol30iFsl1slpdq1I0eHPzybRWdyYUs8K/0=
golang.org/x/crypto v0.0.0-20190308221718-c2843e01d9a2/go.mod h1:djNgcEr1/C05ACkg1iLfiJU5Ep61QUkGW8qpdssI0+w=
golang.org/x/crypto v0.0.0-20210921155107-089bfa567519/go.mod h1:GvvjBRRGRdwPK5ydBHafDWAxML/pGHZbMvKqRZ5+Abc=
golang.org/x/crypto v0.48.0 h1:/VRzVqiRSggnhY7gNRxPauEQ5Drw9haKdM0jqfcCFts=
golang.org/x/crypto v0.48.0/go.mod h1:r0kV5h3qnFPlQnBSrULhlsRfryS2pmewsg+XfMgkVos=
golang.org/x/image v0.0.0-20191009234506-e7c1f5e7dbb8 h1:hVwzHzIUGRjiF7EcUjqNxk3NCfkPxbDKRdnNE1Rpg0U=
golang.org/x/image v0.0.0-20191009234506-e7c1f5e7dbb8/go.mod h1:FeLwcggjj3mMvU+oOTbSwawSJRM1uh48EjtB4UJZlP0=
golang.org/x/mod v0.6.0-dev.0.20220419223038-86c51ed26bb4/go.mod h1:jJ57K6gSWd91VN4djpZkiMVwK6gcyfeH4XE8wZrZaV4=
golang.org/x/net v0.0.0-20190620200207-3b0461eec859/go.mod h1:z5CRVTTTmAJ677TzLLGU+0bjPO0LkuOLi4/5GtJWs/s=
golang.org/x/net v0.0.0-20210226172049-e18ecbb05110/go.mod h1:m0MpNAwzfU5UDzcl9v0D8zg8gWTRqZa9RBIspLL5mdg=
golang.org/x/net v0.0.0-20220722155237-a158d28d115b/go.mod h1:XRhObCWvk6IyKnWLug+ECip1KBveYUHfp+8e9klMJ9c=
golang.org/x/net v0.50.0 h1:ucWh9eiCGyDR3vtzso0WMQinm2Dnt8cFMuQa9K33J60=
golang.org/x/net v0.50.0/go.mod h1:UgoSli3F/pBgdJBHCTc+tp3gmrU4XswgGRgtnwWTfyM=
golang.org/x/sync v0.0.0-20190423024810-112230192c58/go.mod h1:RxMgew5VJxzue5/jJTE5uejpjVlOe/izrB70Jof72aM=
golang.org/x/sync v0.0.0-20220722155255-886fb9371eb4/go.mod h1:RxMgew5VJxzue5/jJTE5uejpjVlOe/izrB70Jof72aM=
golang.org/x/sync v0.19.0 h1:vV+1eWNmZ5geRlYjzm2adRgW2/mcpevXNg50YZtPCE4=
golang.org/x/sync v0.19.0/go.mod h1:9KTHXmSnoGruLpwFjVSX0lNNA75CykiMECbovNTZqGI=
golang.org/x/sys v0.0.0-20190215142949-d0b11bdaac8a/go.mod h1:STP8DvDyc/dI5b8T5hshtkjS+E42TnysNCUPdjciGhY=
golang.org/x/sys v0.0.0-20201119102817-f84b799fce68/go.mod h1:h1NjWce9XRLGQEsW7wpKNCjG9DtNlClVuFLEZdDNbEs=
golang.org/x/sys v0.0.0-20210615035016-665e8c7367d1/go.mod h1:oPkhp1MJrh7nUepCBck5+mAzfO9JrbApNNgaTdGDITg=
golang.org/x/sys v0.0.0-20220520151302-bc2c85ada10a/go.mod h1:oPkhp1MJrh7nUepCBck5+mAzfO9JrbApNNgaTdGDITg=
golang.org/x/sys v0.0.0-20220722155257-8c9f86f7a55f/go.mod h1:oPkhp1MJrh7nUepCBck5+mAzfO9JrbApNNgaTdGDITg=
golang.org/x/term v0.0.0-20201126162022-7de9c90e9dd1/go.mod h1:bj7SfCRtBDWHUb9snDiAeCFNEtKQo2Wmx5Cou7ajbmo=
golang.org/x/term v0.0.0-20210927222741-03fcf44c2211/go.mod h1:jbD1KX2456YbFQfuXm/mYQcufACuNUgVhRMnK/tPxf8=
golang.org/x/text v0.3.0/go.mod h1:NqM8EUOU14njkJ3fqMW+pc6Ldnwhi/IjpwHt7yyuwOQ=
golang.org/x/text v0.3.3/go.mod h1:5Zoc/QRtKVWzQhOtBMvqHzDpF6irO9z98xDceosuGiQ=
golang.org/x/text v0.3.7/go.mod h1:u+2+/6zg+i71rQMx5EYifcz6MCKuco9NR6JIITiCfzQ=
golang.org/x/text v0.3.8/go.mod h1:E6s5w1FMmriuDzIBO73fBruAKo1PCIq6d2Q6DHfQ8WQ=
golang.org/x/text v0.34.0 h1:oL/Qq0Kdaqxa1KbNeMKwQq0reLCCaFtqu2eNuSeNHbk=
golang.org/x/text v0.34.0/go.mod h1:homfLqTYRFyVYemLBFl5GgL/DWEiH5wcsQ5gSh1yziA=
golang.org/x/tools v0.0.0-20180917221912-90fa682c2a6e/go.mod h1:n7NCudcB/nEzxVGmLbDWY5pfWTLqBcC2KZ6jyYvM4mQ=
golang.org/x/tools v0.0.0-20191119224855-298f0cb1881e/go.mod h1:b+2E5dAYhXwXZwtnZ6UAqBI28+e2cm9otk0dWdXHAEo=
golang.org/x/tools v0.1.12/go.mod h1:hNGJHUnrk76NpqgfD5Aqm5Crs+Hm0VOH/i9J2+nxYbc=
golang.org/x/xerrors v0.0.0-20190717185122-a985d3407aa7/go.mod h1:I/5z698sn9Ka8TeJc9MKroUUfqBBauWjQqLJ2OPfmY0=
gopkg.in/yaml.v3 v3.0.1 h1:fxVm/GzAzEWqLHuvctI91KS9hhNmmWOoWu0XTYJS7CA=
gopkg.in/yaml.v3 v3.0.1/go.mod h1:K4uyk7z7BCEPqu6E+C64Yfv1cQ7kz7rIZviUmN+EgEM=
